// !$*UTF8*$!
{
	archiveVersion = 1;
	classes = {
	};
	objectVersion = 56;
	objects = {

/* Begin PBXBuildFile section */
		D569A2C22A7D8AD0004638F7 /* WikiHopApp.swift in Sources */ = {isa = PBXBuildFile; fileRef = D569A2C12A7D8AD0004638F7 /* WikiHopApp.swift */; };
		D569A2C42A7D8AD0004638F7 /* ContentView.swift in Sources */ = {isa = PBXBuildFile; fileRef = D569A2C32A7D8AD0004638F7 /* ContentView.swift */; };
		D569A2C62A7D8AD0004638F7 /* Assets.xcassets in Resources */ = {isa = PBXBuildFile; fileRef = D569A2C52A7D8AD0004638F7 /* Assets.xcassets */; };
		D569A2C92A7D8AD0004638F7 /* Preview Assets.xcassets in Resources */ = {isa = PBXBuildFile; fileRef = D569A2C82A7D8AD0004638F7 /* Preview Assets.xcassets */; };
		D569A2D32A7D8AD1004638F7 /* WikiHopTests.swift in Sources */ = {isa = PBXBuildFile; fileRef = D569A2D22A7D8AD1004638F7 /* WikiHopTests.swift */; };
		D569A2DD2A7D8AD1004638F7 /* WikiHopUITests.swift in Sources */ = {isa = PBXBuildFile; fileRef = D569A2DC2A7D8AD1004638F7 /* WikiHopUITests.swift */; };
		D569A2DF2A7D8AD1004638F7 /* WikiHopUITestsLaunchTests.swift in Sources */ = {isa = PBXBuildFile; fileRef = D569A2DE2A7D8AD1004638F7 /* WikiHopUITestsLaunchTests.swift */; };
/* End PBXBuildFile section */

/* Begin PBXContainerItemProxy section */
		D569A2CF2A7D8AD1004638F7 /* PBXContainerItemProxy */ = {
			isa = PBXContainerItemProxy;
			containerPortal = D569A2B62A7D8ACF004638F7 /* Project object */;
			proxyType = 1;
			remoteGlobalIDString = D569A2BD2A7D8ACF004638F7;
			remoteInfo = WikiHop;
		};
		D569A2D92A7D8AD1004638F7 /* PBXContainerItemProxy */ = {
			isa = PBXContainerItemProxy;
			containerPortal = D569A2B62A7D8ACF004638F7 /* Project object */;
			proxyType = 1;
			remoteGlobalIDString = D569A2BD2A7D8ACF004638F7;
			remoteInfo = WikiHop;
		};
/* End PBXContainerItemProxy section */

/* Begin PBXFileReference section */
		D569A2BE2A7D8AD0004638F7 /* WikiHop.app */ = {isa = PBXFileReference; explicitFileType = wrapper.application; includeInIndex = 0; path = WikiHop.app; sourceTree = BUILT_PRODUCTS_DIR; };
		D569A2C12A7D8AD0004638F7 /* WikiHopApp.swift */ = {isa = PBXFileReference; lastKnownFileType = sourcecode.swift; path = WikiHopApp.swift; sourceTree = "<group>"; };
		D569A2C32A7D8AD0004638F7 /* ContentView.swift */ = {isa = PBXFileReference; lastKnownFileType = sourcecode.swift; path = ContentView.swift; sourceTree = "<group>"; };
		D569A2C52A7D8AD0004638F7 /* Assets.xcassets */ = {isa = PBXFileReference; lastKnownFileType = folder.assetcatalog; path = Assets.xcassets; sourceTree = "<group>"; };
		D569A2C82A7D8AD0004638F7 /* Preview Assets.xcassets */ = {isa = PBXFileReference; lastKnownFileType = folder.assetcatalog; path = "Preview Assets.xcassets"; sourceTree = "<group>"; };
		D569A2CE2A7D8AD1004638F7 /* WikiHopTests.xctest */ = {isa = PBXFileReference; explicitFileType = wrapper.cfbundle; includeInIndex = 0; path = WikiHopTests.xctest; sourceTree = BUILT_PRODUCTS_DIR; };
		D569A2D22A7D8AD1004638F7 /* WikiHopTests.swift */ = {isa = PBXFileReference; lastKnownFileType = sourcecode.swift; path = WikiHopTests.swift; sourceTree = "<group>"; };
		D569A2D82A7D8AD1004638F7 /* WikiHopUITests.xctest */ = {isa = PBXFileReference; explicitFileType = wrapper.cfbundle; includeInIndex = 0; path = WikiHopUITests.xctest; sourceTree = BUILT_PRODUCTS_DIR; };
		D569A2DC2A7D8AD1004638F7 /* WikiHopUITests.swift */ = {isa = PBXFileReference; lastKnownFileType = sourcecode.swift; path = WikiHopUITests.swift; sourceTree = "<group>"; };
		D569A2DE2A7D8AD1004638F7 /* WikiHopUITestsLaunchTests.swift */ = {isa = PBXFileReference; lastKnownFileType = sourcecode.swift; path = WikiHopUITestsLaunchTests.swift; sourceTree = "<group>"; };
/* End PBXFileReference section */

/* Begin PBXFrameworksBuildPhase section */
		D569A2BB2A7D8ACF004638F7 /* Frameworks */ = {
			isa = PBXFrameworksBuildPhase;
			buildActionMask = 2147483647;
			files = (
			);
			runOnlyForDeploymentPostprocessing = 0;
		};
		D569A2CB2A7D8AD1004638F7 /* Frameworks */ = {
			isa = PBXFrameworksBuildPhase;
			buildActionMask = 2147483647;
			files = (
			);
			runOnlyForDeploymentPostprocessing = 0;
		};
		D569A2D52A7D8AD1004638F7 /* Frameworks */ = {
			isa = PBXFrameworksBuildPhase;
			buildActionMask = 2147483647;
			files = (
			);
			runOnlyForDeploymentPostprocessing = 0;
		};
/* End PBXFrameworksBuildPhase section */

/* Begin PBXGroup section */
		D569A2B52A7D8ACF004638F7 = {
			isa = PBXGroup;
			children = (
				D569A2C02A7D8AD0004638F7 /* WikiHop */,
				D569A2D12A7D8AD1004638F7 /* WikiHopTests */,
				D569A2DB2A7D8AD1004638F7 /* WikiHopUITests */,
				D569A2BF2A7D8AD0004638F7 /* Products */,
			);
			sourceTree = "<group>";
		};
		D569A2BF2A7D8AD0004638F7 /* Products */ = {
			isa = PBXGroup;
			children = (
				D569A2BE2A7D8AD0004638F7 /* WikiHop.app */,
				D569A2CE2A7D8AD1004638F7 /* WikiHopTests.xctest */,
				D569A2D82A7D8AD1004638F7 /* WikiHopUITests.xctest */,
			);
			name = Products;
			sourceTree = "<group>";
		};
		D569A2C02A7D8AD0004638F7 /* WikiHop */ = {
			isa = PBXGroup;
			children = (
				D569A2C12A7D8AD0004638F7 /* WikiHopApp.swift */,
				D569A2C32A7D8AD0004638F7 /* ContentView.swift */,
				D569A2C52A7D8AD0004638F7 /* Assets.xcassets */,
				D569A2C72A7D8AD0004638F7 /* Preview Content */,
			);
			path = WikiHop;
			sourceTree = "<group>";
		};
		D569A2C72A7D8AD0004638F7 /* Preview Content */ = {
			isa = PBXGroup;
			children = (
				D569A2C82A7D8AD0004638F7 /* Preview Assets.xcassets */,
			);
			path = "Preview Content";
			sourceTree = "<group>";
		};
		D569A2D12A7D8AD1004638F7 /* WikiHopTests */ = {
			isa = PBXGroup;
			children = (
				D569A2D22A7D8AD1004638F7 /* WikiHopTests.swift */,
			);
			path = WikiHopTests;
			sourceTree = "<group>";
		};
		D569A2DB2A7D8AD1004638F7 /* WikiHopUITests */ = {
			isa = PBXGroup;
			children = (
				D569A2DC2A7D8AD1004638F7 /* WikiHopUITests.swift */,
				D569A2DE2A7D8AD1004638F7 /* WikiHopUITestsLaunchTests.swift */,
			);
			path = WikiHopUITests;
			sourceTree = "<group>";
		};
/* End PBXGroup section */

/* Begin PBXNativeTarget section */
		D569A2BD2A7D8ACF004638F7 /* WikiHop */ = {
			isa = PBXNativeTarget;
			buildConfigurationList = D569A2E22A7D8AD1004638F7 /* Build configuration list for PBXNativeTarget "WikiHop" */;
			buildPhases = (
				D569A2BA2A7D8ACF004638F7 /* Sources */,
				D569A2BB2A7D8ACF004638F7 /* Frameworks */,
				D569A2BC2A7D8ACF004638F7 /* Resources */,
			);
			buildRules = (
			);
			dependencies = (
			);
			name = WikiHop;
			productName = WikiHop;
			productReference = D569A2BE2A7D8AD0004638F7 /* WikiHop.app */;
			productType = "com.apple.product-type.application";
		};
		D569A2CD2A7D8AD1004638F7 /* WikiHopTests */ = {
			isa = PBXNativeTarget;
			buildConfigurationList = D569A2E52A7D8AD1004638F7 /* Build configuration list for PBXNativeTarget "WikiHopTests" */;
			buildPhases = (
				D569A2CA2A7D8AD1004638F7 /* Sources */,
				D569A2CB2A7D8AD1004638F7 /* Frameworks */,
				D569A2CC2A7D8AD1004638F7 /* Resources */,
			);
			buildRules = (
			);
			dependencies = (
				D569A2D02A7D8AD1004638F7 /* PBXTargetDependency */,
			);
			name = WikiHopTests;
			productName = WikiHopTests;
			productReference = D569A2CE2A7D8AD1004638F7 /* WikiHopTests.xctest */;
			productType = "com.apple.product-type.bundle.unit-test";
		};
		D569A2D72A7D8AD1004638F7 /* WikiHopUITests */ = {
			isa = PBXNativeTarget;
			buildConfigurationList = D569A2E82A7D8AD1004638F7 /* Build configuration list for PBXNativeTarget "WikiHopUITests" */;
			buildPhases = (
				D569A2D42A7D8AD1004638F7 /* Sources */,
				D569A2D52A7D8AD1004638F7 /* Frameworks */,
				D569A2D62A7D8AD1004638F7 /* Resources */,
			);
			buildRules = (
			);
			dependencies = (
				D569A2DA2A7D8AD1004638F7 /* PBXTargetDependency */,
			);
			name = WikiHopUITests;
			productName = WikiHopUITests;
			productReference = D569A2D82A7D8AD1004638F7 /* WikiHopUITests.xctest */;
			productType = "com.apple.product-type.bundle.ui-testing";
		};
/* End PBXNativeTarget section */

/* Begin PBXProject section */
		D569A2B62A7D8ACF004638F7 /* Project object */ = {
			isa = PBXProject;
			attributes = {
				BuildIndependentTargetsInParallel = 1;
				LastSwiftUpdateCheck = 1420;
				LastUpgradeCheck = 1420;
				TargetAttributes = {
					D569A2BD2A7D8ACF004638F7 = {
						CreatedOnToolsVersion = 14.2;
					};
					D569A2CD2A7D8AD1004638F7 = {
						CreatedOnToolsVersion = 14.2;
						TestTargetID = D569A2BD2A7D8ACF004638F7;
					};
					D569A2D72A7D8AD1004638F7 = {
						CreatedOnToolsVersion = 14.2;
						TestTargetID = D569A2BD2A7D8ACF004638F7;
					};
				};
			};
			buildConfigurationList = D569A2B92A7D8ACF004638F7 /* Build configuration list for PBXProject "WikiHop" */;
			compatibilityVersion = "Xcode 14.0";
			developmentRegion = en;
			hasScannedForEncodings = 0;
			knownRegions = (
				en,
				Base,
			);
			mainGroup = D569A2B52A7D8ACF004638F7;
			productRefGroup = D569A2BF2A7D8AD0004638F7 /* Products */;
			projectDirPath = "";
			projectRoot = "";
			targets = (
				D569A2BD2A7D8ACF004638F7 /* WikiHop */,
				D569A2CD2A7D8AD1004638F7 /* WikiHopTests */,
				D569A2D72A7D8AD1004638F7 /* WikiHopUITests */,
			);
		};
/* End PBXProject section */

/* Begin PBXResourcesBuildPhase section */
		D569A2BC2A7D8ACF004638F7 /* Resources */ = {
			isa = PBXResourcesBuildPhase;
			buildActionMask = 2147483647;
			files = (
				D569A2C92A7D8AD0004638F7 /* Preview Assets.xcassets in Resources */,
				D569A2C62A7D8AD0004638F7 /* Assets.xcassets in Resources */,
			);
			runOnlyForDeploymentPostprocessing = 0;
		};
		D569A2CC2A7D8AD1004638F7 /* Resources */ = {
			isa = PBXResourcesBuildPhase;
			buildActionMask = 2147483647;
			files = (
			);
			runOnlyForDeploymentPostprocessing = 0;
		};
		D569A2D62A7D8AD1004638F7 /* Resources */ = {
			isa = PBXResourcesBuildPhase;
			buildActionMask = 2147483647;
			files = (
			);
			runOnlyForDeploymentPostprocessing = 0;
		};
/* End PBXResourcesBuildPhase section */

/* Begin PBXSourcesBuildPhase section */
		D569A2BA2A7D8ACF004638F7 /* Sources */ = {
			isa = PBXSourcesBuildPhase;
			buildActionMask = 2147483647;
			files = (
				D569A2C42A7D8AD0004638F7 /* ContentView.swift in Sources */,
				D569A2C22A7D8AD0004638F7 /* WikiHopApp.swift in Sources */,
			);
			runOnlyForDeploymentPostprocessing = 0;
		};
		D569A2CA2A7D8AD1004638F7 /* Sources */ = {
			isa = PBXSourcesBuildPhase;
			buildActionMask = 2147483647;
			files = (
				D569A2D32A7D8AD1004638F7 /* WikiHopTests.swift in Sources */,
			);
			runOnlyForDeploymentPostprocessing = 0;
		};
		D569A2D42A7D8AD1004638F7 /* Sources */ = {
			isa = PBXSourcesBuildPhase;
			buildActionMask = 2147483647;
			files = (
				D569A2DF2A7D8AD1004638F7 /* WikiHopUITestsLaunchTests.swift in Sources */,
				D569A2DD2A7D8AD1004638F7 /* WikiHopUITests.swift in Sources */,
			);
			runOnlyForDeploymentPostprocessing = 0;
		};
/* End PBXSourcesBuildPhase section */

/* Begin PBXTargetDependency section */
		D569A2D02A7D8AD1004638F7 /* PBXTargetDependency */ = {
			isa = PBXTargetDependency;
			target = D569A2BD2A7D8ACF004638F7 /* WikiHop */;
			targetProxy = D569A2CF2A7D8AD1004638F7 /* PBXContainerItemProxy */;
		};
		D569A2DA2A7D8AD1004638F7 /* PBXTargetDependency */ = {
			isa = PBXTargetDependency;
			target = D569A2BD2A7D8ACF004638F7 /* WikiHop */;
			targetProxy = D569A2D92A7D8AD1004638F7 /* PBXContainerItemProxy */;
		};
/* End PBXTargetDependency section */

/* Begin XCBuildConfiguration section */
		D569A2E02A7D8AD1004638F7 /* Debug */ = {
			isa = XCBuildConfiguration;
			buildSettings = {
				ALWAYS_SEARCH_USER_PATHS = NO;
				CLANG_ANALYZER_NONNULL = YES;
				CLANG_ANALYZER_NUMBER_OBJECT_CONVERSION = YES_AGGRESSIVE;
				CLANG_CXX_LANGUAGE_STANDARD = "gnu++20";
				CLANG_ENABLE_MODULES = YES;
				CLANG_ENABLE_OBJC_ARC = YES;
				CLANG_ENABLE_OBJC_WEAK = YES;
				CLANG_WARN_BLOCK_CAPTURE_AUTORELEASING = YES;
				CLANG_WARN_BOOL_CONVERSION = YES;
				CLANG_WARN_COMMA = YES;
				CLANG_WARN_CONSTANT_CONVERSION = YES;
				CLANG_WARN_DEPRECATED_OBJC_IMPLEMENTATIONS = YES;
				CLANG_WARN_DIRECT_OBJC_ISA_USAGE = YES_ERROR;
				CLANG_WARN_DOCUMENTATION_COMMENTS = YES;
				CLANG_WARN_EMPTY_BODY = YES;
				CLANG_WARN_ENUM_CONVERSION = YES;
				CLANG_WARN_INFINITE_RECURSION = YES;
				CLANG_WARN_INT_CONVERSION = YES;
				CLANG_WARN_NON_LITERAL_NULL_CONVERSION = YES;
				CLANG_WARN_OBJC_IMPLICIT_RETAIN_SELF = YES;
				CLANG_WARN_OBJC_LITERAL_CONVERSION = YES;
				CLANG_WARN_OBJC_ROOT_CLASS = YES_ERROR;
				CLANG_WARN_QUOTED_INCLUDE_IN_FRAMEWORK_HEADER = YES;
				CLANG_WARN_RANGE_LOOP_ANALYSIS = YES;
				CLANG_WARN_STRICT_PROTOTYPES = YES;
				CLANG_WARN_SUSPICIOUS_MOVE = YES;
				CLANG_WARN_UNGUARDED_AVAILABILITY = YES_AGGRESSIVE;
				CLANG_WARN_UNREACHABLE_CODE = YES;
				CLANG_WARN__DUPLICATE_METHOD_MATCH = YES;
				COPY_PHASE_STRIP = NO;
				DEBUG_INFORMATION_FORMAT = dwarf;
				ENABLE_STRICT_OBJC_MSGSEND = YES;
				ENABLE_TESTABILITY = YES;
				GCC_C_LANGUAGE_STANDARD = gnu11;
				GCC_DYNAMIC_NO_PIC = NO;
				GCC_NO_COMMON_BLOCKS = YES;
				GCC_OPTIMIZATION_LEVEL = 0;
				GCC_PREPROCESSOR_DEFINITIONS = (
					"DEBUG=1",
					"$(inherited)",
				);
				GCC_WARN_64_TO_32_BIT_CONVERSION = YES;
				GCC_WARN_ABOUT_RETURN_TYPE = YES_ERROR;
				GCC_WARN_UNDECLARED_SELECTOR = YES;
				GCC_WARN_UNINITIALIZED_AUTOS = YES_AGGRESSIVE;
				GCC_WARN_UNUSED_FUNCTION = YES;
				GCC_WARN_UNUSED_VARIABLE = YES;
				IPHONEOS_DEPLOYMENT_TARGET = 16.2;
				MTL_ENABLE_DEBUG_INFO = INCLUDE_SOURCE;
				MTL_FAST_MATH = YES;
				ONLY_ACTIVE_ARCH = YES;
				SDKROOT = iphoneos;
				SWIFT_ACTIVE_COMPILATION_CONDITIONS = DEBUG;
				SWIFT_OPTIMIZATION_LEVEL = "-Onone";
			};
			name = Debug;
		};
		D569A2E12A7D8AD1004638F7 /* Release */ = {
			isa = XCBuildConfiguration;
			buildSettings = {
				ALWAYS_SEARCH_USER_PATHS = NO;
				CLANG_ANALYZER_NONNULL = YES;
				CLANG_ANALYZER_NUMBER_OBJECT_CONVERSION = YES_AGGRESSIVE;
				CLANG_CXX_LANGUAGE_STANDARD = "gnu++20";
				CLANG_ENABLE_MODULES = YES;
				CLANG_ENABLE_OBJC_ARC = YES;
				CLANG_ENABLE_OBJC_WEAK = YES;
				CLANG_WARN_BLOCK_CAPTURE_AUTORELEASING = YES;
				CLANG_WARN_BOOL_CONVERSION = YES;
				CLANG_WARN_COMMA = YES;
				CLANG_WARN_CONSTANT_CONVERSION = YES;
				CLANG_WARN_DEPRECATED_OBJC_IMPLEMENTATIONS = YES;
				CLANG_WARN_DIRECT_OBJC_ISA_USAGE = YES_ERROR;
				CLANG_WARN_DOCUMENTATION_COMMENTS = YES;
				CLANG_WARN_EMPTY_BODY = YES;
				CLANG_WARN_ENUM_CONVERSION = YES;
				CLANG_WARN_INFINITE_RECURSION = YES;
				CLANG_WARN_INT_CONVERSION = YES;
				CLANG_WARN_NON_LITERAL_NULL_CONVERSION = YES;
				CLANG_WARN_OBJC_IMPLICIT_RETAIN_SELF = YES;
				CLANG_WARN_OBJC_LITERAL_CONVERSION = YES;
				CLANG_WARN_OBJC_ROOT_CLASS = YES_ERROR;
				CLANG_WARN_QUOTED_INCLUDE_IN_FRAMEWORK_HEADER = YES;
				CLANG_WARN_RANGE_LOOP_ANALYSIS = YES;
				CLANG_WARN_STRICT_PROTOTYPES = YES;
				CLANG_WARN_SUSPICIOUS_MOVE = YES;
				CLANG_WARN_UNGUARDED_AVAILABILITY = YES_AGGRESSIVE;
				CLANG_WARN_UNREACHABLE_CODE = YES;
				CLANG_WARN__DUPLICATE_METHOD_MATCH = YES;
				COPY_PHASE_STRIP = NO;
				DEBUG_INFORMATION_FORMAT = "dwarf-with-dsym";
				ENABLE_NS_ASSERTIONS = NO;
				ENABLE_STRICT_OBJC_MSGSEND = YES;
				GCC_C_LANGUAGE_STANDARD = gnu11;
				GCC_NO_COMMON_BLOCKS = YES;
				GCC_WARN_64_TO_32_BIT_CONVERSION = YES;
				GCC_WARN_ABOUT_RETURN_TYPE = YES_ERROR;
				GCC_WARN_UNDECLARED_SELECTOR = YES;
				GCC_WARN_UNINITIALIZED_AUTOS = YES_AGGRESSIVE;
				GCC_WARN_UNUSED_FUNCTION = YES;
				GCC_WARN_UNUSED_VARIABLE = YES;
				IPHONEOS_DEPLOYMENT_TARGET = 16.2;
				MTL_ENABLE_DEBUG_INFO = NO;
				MTL_FAST_MATH = YES;
				SDKROOT = iphoneos;
				SWIFT_COMPILATION_MODE = wholemodule;
				SWIFT_OPTIMIZATION_LEVEL = "-O";
				VALIDATE_PRODUCT = YES;
			};
			name = Release;
		};
		D569A2E32A7D8AD1004638F7 /* Debug */ = {
			isa = XCBuildConfiguration;
			buildSettings = {
				ASSETCATALOG_COMPILER_APPICON_NAME = AppIcon;
				ASSETCATALOG_COMPILER_GLOBAL_ACCENT_COLOR_NAME = AccentColor;
				CODE_SIGN_STYLE = Automatic;
				CURRENT_PROJECT_VERSION = 1;
				DEVELOPMENT_ASSET_PATHS = "\"WikiHop/Preview Content\"";
				DEVELOPMENT_TEAM = Z88RVG5KD9;
				ENABLE_PREVIEWS = YES;
				GENERATE_INFOPLIST_FILE = YES;
				INFOPLIST_KEY_UIApplicationSceneManifest_Generation = YES;
				INFOPLIST_KEY_UIApplicationSupportsIndirectInputEvents = YES;
				INFOPLIST_KEY_UILaunchScreen_Generation = YES;
				INFOPLIST_KEY_UISupportedInterfaceOrientations_iPad = "UIInterfaceOrientationPortrait UIInterfaceOrientationPortraitUpsideDown UIInterfaceOrientationLandscapeLeft UIInterfaceOrientationLandscapeRight";
				INFOPLIST_KEY_UISupportedInterfaceOrientations_iPhone = "UIInterfaceOrientationPortrait UIInterfaceOrientationLandscapeLeft UIInterfaceOrientationLandscapeRight";
				LD_RUNPATH_SEARCH_PATHS = (
					"$(inherited)",
					"@executable_path/Frameworks",
				);
				MARKETING_VERSION = 1.0;
				PRODUCT_BUNDLE_IDENTIFIER = us.boek.WikiHop;
				PRODUCT_NAME = "$(TARGET_NAME)";
				SWIFT_EMIT_LOC_STRINGS = YES;
				SWIFT_VERSION = 5.0;
				TARGETED_DEVICE_FAMILY = "1,2";
			};
			name = Debug;
		};
		D569A2E42A7D8AD1004638F7 /* Release */ = {
			isa = XCBuildConfiguration;
			buildSettings = {
				ASSETCATALOG_COMPILER_APPICON_NAME = AppIcon;
				ASSETCATALOG_COMPILER_GLOBAL_ACCENT_COLOR_NAME = AccentColor;
				CODE_SIGN_STYLE = Automatic;
				CURRENT_PROJECT_VERSION = 1;
				DEVELOPMENT_ASSET_PATHS = "\"WikiHop/Preview Content\"";
				DEVELOPMENT_TEAM = Z88RVG5KD9;
				ENABLE_PREVIEWS = YES;
				GENERATE_INFOPLIST_FILE = YES;
				INFOPLIST_KEY_UIApplicationSceneManifest_Generation = YES;
				INFOPLIST_KEY_UIApplicationSupportsIndirectInputEvents = YES;
				INFOPLIST_KEY_UILaunchScreen_Generation = YES;
				INFOPLIST_KEY_UISupportedInterfaceOrientations_iPad = "UIInterfaceOrientationPortrait UIInterfaceOrientationPortraitUpsideDown UIInterfaceOrientationLandscapeLeft UIInterfaceOrientationLandscapeRight";
				INFOPLIST_KEY_UISupportedInterfaceOrientations_iPhone = "UIInterfaceOrientationPortrait UIInterfaceOrientationLandscapeLeft UIInterfaceOrientationLandscapeRight";
				LD_RUNPATH_SEARCH_PATHS = (
					"$(inherited)",
					"@executable_path/Frameworks",
				);
				MARKETING_VERSION = 1.0;
				PRODUCT_BUNDLE_IDENTIFIER = us.boek.WikiHop;
				PRODUCT_NAME = "$(TARGET_NAME)";
				SWIFT_EMIT_LOC_STRINGS = YES;
				SWIFT_VERSION = 5.0;
				TARGETED_DEVICE_FAMILY = "1,2";
			};
			name = Release;
		};
		D569A2E62A7D8AD1004638F7 /* Debug */ = {
			isa = XCBuildConfiguration;
			buildSettings = {
				ALWAYS_EMBED_SWIFT_STANDARD_LIBRARIES = YES;
				BUNDLE_LOADER = "$(TEST_HOST)";
				CODE_SIGN_STYLE = Automatic;
				CURRENT_PROJECT_VERSION = 1;
				DEVELOPMENT_TEAM = Z88RVG5KD9;
				GENERATE_INFOPLIST_FILE = YES;
				IPHONEOS_DEPLOYMENT_TARGET = 16.2;
				MARKETING_VERSION = 1.0;
				PRODUCT_BUNDLE_IDENTIFIER = us.boek.WikiHopTests;
				PRODUCT_NAME = "$(TARGET_NAME)";
				SWIFT_EMIT_LOC_STRINGS = NO;
				SWIFT_VERSION = 5.0;
				TARGETED_DEVICE_FAMILY = "1,2";
				TEST_HOST = "$(BUILT_PRODUCTS_DIR)/WikiHop.app/$(BUNDLE_EXECUTABLE_FOLDER_PATH)/WikiHop";
			};
			name = Debug;
		};
		D569A2E72A7D8AD1004638F7 /* Release */ = {
			isa = XCBuildConfiguration;
			buildSettings = {
				ALWAYS_EMBED_SWIFT_STANDARD_LIBRARIES = YES;
				BUNDLE_LOADER = "$(TEST_HOST)";
				CODE_SIGN_STYLE = Automatic;
				CURRENT_PROJECT_VERSION = 1;
				DEVELOPMENT_TEAM = Z88RVG5KD9;
				GENERATE_INFOPLIST_FILE = YES;
				IPHONEOS_DEPLOYMENT_TARGET = 16.2;
				MARKETING_VERSION = 1.0;
				PRODUCT_BUNDLE_IDENTIFIER = us.boek.WikiHopTests;
				PRODUCT_NAME = "$(TARGET_NAME)";
				SWIFT_EMIT_LOC_STRINGS = NO;
				SWIFT_VERSION = 5.0;
				TARGETED_DEVICE_FAMILY = "1,2";
				TEST_HOST = "$(BUILT_PRODUCTS_DIR)/WikiHop.app/$(BUNDLE_EXECUTABLE_FOLDER_PATH)/WikiHop";
			};
			name = Release;
		};
		D569A2E92A7D8AD1004638F7 /* Debug */ = {
			isa = XCBuildConfiguration;
			buildSettings = {
				ALWAYS_EMBED_SWIFT_STANDARD_LIBRARIES = YES;
				CODE_SIGN_STYLE = Automatic;
				CURRENT_PROJECT_VERSION = 1;
				DEVELOPMENT_TEAM = Z88RVG5KD9;
				GENERATE_INFOPLIST_FILE = YES;
				MARKETING_VERSION = 1.0;
				PRODUCT_BUNDLE_IDENTIFIER = us.boek.WikiHopUITests;
				PRODUCT_NAME = "$(TARGET_NAME)";
				SWIFT_EMIT_LOC_STRINGS = NO;
				SWIFT_VERSION = 5.0;
				TARGETED_DEVICE_FAMILY = "1,2";
				TEST_TARGET_NAME = WikiHop;
			};
			name = Debug;
		};
		D569A2EA2A7D8AD1004638F7 /* Release */ = {
			isa = XCBuildConfiguration;
			buildSettings = {
				ALWAYS_EMBED_SWIFT_STANDARD_LIBRARIES = YES;
				CODE_SIGN_STYLE = Automatic;
				CURRENT_PROJECT_VERSION = 1;
				DEVELOPMENT_TEAM = Z88RVG5KD9;
				GENERATE_INFOPLIST_FILE = YES;
				MARKETING_VERSION = 1.0;
				PRODUCT_BUNDLE_IDENTIFIER = us.boek.WikiHopUITests;
				PRODUCT_NAME = "$(TARGET_NAME)";
				SWIFT_EMIT_LOC_STRINGS = NO;
				SWIFT_VERSION = 5.0;
				TARGETED_DEVICE_FAMILY = "1,2";
				TEST_TARGET_NAME = WikiHop;
			};
			name = Release;
		};
/* End XCBuildConfiguration section */

/* Begin XCConfigurationList section */
		D569A2B92A7D8ACF004638F7 /* Build configuration list for PBXProject "WikiHop" */ = {
			isa = XCConfigurationList;
			buildConfigurations = (
				D569A2E02A7D8AD1004638F7 /* Debug */,
				D569A2E12A7D8AD1004638F7 /* Release */,
			);
			defaultConfigurationIsVisible = 0;
			defaultConfigurationName = Release;
		};
		D569A2E22A7D8AD1004638F7 /* Build configuration list for PBXNativeTarget "WikiHop" */ = {
			isa = XCConfigurationList;
			buildConfigurations = (
				D569A2E32A7D8AD1004638F7 /* Debug */,
				D569A2E42A7D8AD1004638F7 /* Release */,
			);
			defaultConfigurationIsVisible = 0;
			defaultConfigurationName = Release;
		};
		D569A2E52A7D8AD1004638F7 /* Build configuration list for PBXNativeTarget "WikiHopTests" */ = {
			isa = XCConfigurationList;
			buildConfigurations = (
				D569A2E62A7D8AD1004638F7 /* Debug */,
				D569A2E72A7D8AD1004638F7 /* Release */,
			);
			defaultConfigurationIsVisible = 0;
			defaultConfigurationName = Release;
		};
		D569A2E82A7D8AD1004638F7 /* Build configuration list for PBXNativeTarget "WikiHopUITests" */ = {
			isa = XCConfigurationList;
			buildConfigurations = (
				D569A2E92A7D8AD1004638F7 /* Debug */,
				D569A2EA2A7D8AD1004638F7 /* Release */,
			);
			defaultConfigurationIsVisible = 0;
			defaultConfigurationName = Release;
		};
/* End XCConfigurationList section */
	};
	rootObject = D569A2B62A7D8ACF004638F7 /* Project object */;
}
